
Microsoft Visual Studio Solution File, Format Version 12.00
# Visual Studio 15
VisualStudioVersion = 15.0.28307.1022
MinimumVisualStudioVersion = 10.0.40219.1
Project("{9A19103F-16F7-4668-BE54-9A1E7A4F7556}") = "1. Films.Business", "Films.Business\1. Films.Business.csproj", "{A04138E0-93F8-496D-99F6-BAA527EA6629}"
EndProject
Project("{FAE04EC0-301F-11D3-BF4B-00C04F79EFBC}") = "2. Films.UI.WPF", "Films.UI.WPF\2. Films.UI.WPF.csproj", "{51E8C82A-463D-43E5-9003-1571937A108C}"
EndProject
Project("{9A19103F-16F7-4668-BE54-9A1E7A4F7556}") = "2. Films.UI.Console", "Films.UI.Console\2. Films.UI.Console.csproj", "{961DB0E1-45A0-4493-B035-505F6820F963}"
EndProject
Project("{FAE04EC0-301F-11D3-BF4B-00C04F79EFBC}") = "TestTesting", "Films.Testing\TestTesting.csproj", "{2B1B7A00-7CBF-4898-B151-38575B528FFF}"
EndProject
Project("{9A19103F-16F7-4668-BE54-9A1E7A4F7556}") = "IoC", "IOC\IoC.csproj", "{3A158280-C937-4CEA-BFD7-C179CFFB6D63}"
EndProject
Project("{9A19103F-16F7-4668-BE54-9A1E7A4F7556}") = "IoC.SimpleInjector", "IoC.SimpleInjector\IoC.SimpleInjector.csproj", "{D6D2FCE8-0996-4091-9B81-E7CF2BF84DCB}"
EndProject
Project("{9A19103F-16F7-4668-BE54-9A1E7A4F7556}") = "Logging.Example", "Logging.Example\Logging.Example.csproj", "{DFE46A4B-D4B0-4BC5-9E08-CA462B50A669}"
EndProject
Project("{9A19103F-16F7-4668-BE54-9A1E7A4F7556}") = "CQRS", "CQRS\CQRS.csproj", "{1A813382-67B6-42A6-A7C5-CA15B2EA99B6}"
EndProject
Project("{9A19103F-16F7-4668-BE54-9A1E7A4F7556}") = "Logging", "Logging\Logging.csproj", "{9DBEC7BB-CDBB-4259-984A-14315F1371DA}"
EndProject
Project("{9A19103F-16F7-4668-BE54-9A1E7A4F7556}") = "Database", "..\Database.Implementation\Database\Database.csproj", "{DF578497-D3C3-4F1B-8975-5ACDE36A7D6E}"
EndProject
Project("{9A19103F-16F7-4668-BE54-9A1E7A4F7556}") = "Database.Implementation", "..\Database.Implementation\Database.Implementation\Database.Implementation.csproj", "{A8BFBD24-B200-434A-AAD5-8766420941D3}"
EndProject
Project("{9A19103F-16F7-4668-BE54-9A1E7A4F7556}") = "Database.Testing", "Database.Training\Database.Testing.csproj", "{4E05176E-0D05-455B-9C20-EE69D0665FE8}"
EndProject
Project("{9A19103F-16F7-4668-BE54-9A1E7A4F7556}") = "Database.EntityFrameworkCore", "Database.EntityFrameworkCore\Database.EntityFrameworkCore.csproj", "{1F361C1B-2E38-4688-A349-B3B5820CC65D}"
EndProject
Project("{9A19103F-16F7-4668-BE54-9A1E7A4F7556}") = "0a. Films.Database.EntityFrameworkCore", "Films.Database.EntityFrameworkCore\0a. Films.Database.EntityFrameworkCore.csproj", "{6CCA91F3-EFCC-4539-9B48-29B652818C64}"
EndProject
Project("{9A19103F-16F7-4668-BE54-9A1E7A4F7556}") = "0. Films.Database", "Films.Database\0. Films.Database.csproj", "{A9886E0D-78D1-41C0-AA22-F51E9B273B19}"
EndProject
Global
	GlobalSection(SolutionConfigurationPlatforms) = preSolution
		Debug|Any CPU = Debug|Any CPU
		Debug|ARM = Debug|ARM
		Debug|ARM64 = Debug|ARM64
		Debug|x64 = Debug|x64
		Debug|x86 = Debug|x86
		Release|Any CPU = Release|Any CPU
		Release|ARM = Release|ARM
		Release|ARM64 = Release|ARM64
		Release|x64 = Release|x64
		Release|x86 = Release|x86
	EndGlobalSection
	GlobalSection(ProjectConfigurationPlatforms) = postSolution
		{A04138E0-93F8-496D-99F6-BAA527EA6629}.Debug|Any CPU.ActiveCfg = Debug|Any CPU
		{A04138E0-93F8-496D-99F6-BAA527EA6629}.Debug|Any CPU.Build.0 = Debug|Any CPU
		{A04138E0-93F8-496D-99F6-BAA527EA6629}.Debug|ARM.ActiveCfg = Debug|Any CPU
		{A04138E0-93F8-496D-99F6-BAA527EA6629}.Debug|ARM.Build.0 = Debug|Any CPU
		{A04138E0-93F8-496D-99F6-BAA527EA6629}.Debug|ARM64.ActiveCfg = Debug|Any CPU
		{A04138E0-93F8-496D-99F6-BAA527EA6629}.Debug|ARM64.Build.0 = Debug|Any CPU
		{A04138E0-93F8-496D-99F6-BAA527EA6629}.Debug|x64.ActiveCfg = Debug|Any CPU
		{A04138E0-93F8-496D-99F6-BAA527EA6629}.Debug|x64.Build.0 = Debug|Any CPU
		{A04138E0-93F8-496D-99F6-BAA527EA6629}.Debug|x86.ActiveCfg = Debug|Any CPU
		{A04138E0-93F8-496D-99F6-BAA527EA6629}.Debug|x86.Build.0 = Debug|Any CPU
		{A04138E0-93F8-496D-99F6-BAA527EA6629}.Release|Any CPU.ActiveCfg = Release|Any CPU
		{A04138E0-93F8-496D-99F6-BAA527EA6629}.Release|Any CPU.Build.0 = Release|Any CPU
		{A04138E0-93F8-496D-99F6-BAA527EA6629}.Release|ARM.ActiveCfg = Release|Any CPU
		{A04138E0-93F8-496D-99F6-BAA527EA6629}.Release|ARM.Build.0 = Release|Any CPU
		{A04138E0-93F8-496D-99F6-BAA527EA6629}.Release|ARM64.ActiveCfg = Release|Any CPU
		{A04138E0-93F8-496D-99F6-BAA527EA6629}.Release|ARM64.Build.0 = Release|Any CPU
		{A04138E0-93F8-496D-99F6-BAA527EA6629}.Release|x64.ActiveCfg = Release|Any CPU
		{A04138E0-93F8-496D-99F6-BAA527EA6629}.Release|x64.Build.0 = Release|Any CPU
		{A04138E0-93F8-496D-99F6-BAA527EA6629}.Release|x86.ActiveCfg = Release|Any CPU
		{A04138E0-93F8-496D-99F6-BAA527EA6629}.Release|x86.Build.0 = Release|Any CPU
		{51E8C82A-463D-43E5-9003-1571937A108C}.Debug|Any CPU.ActiveCfg = Debug|Any CPU
		{51E8C82A-463D-43E5-9003-1571937A108C}.Debug|Any CPU.Build.0 = Debug|Any CPU
		{51E8C82A-463D-43E5-9003-1571937A108C}.Debug|ARM.ActiveCfg = Debug|Any CPU
		{51E8C82A-463D-43E5-9003-1571937A108C}.Debug|ARM.Build.0 = Debug|Any CPU
		{51E8C82A-463D-43E5-9003-1571937A108C}.Debug|ARM64.ActiveCfg = Debug|Any CPU
		{51E8C82A-463D-43E5-9003-1571937A108C}.Debug|ARM64.Build.0 = Debug|Any CPU
		{51E8C82A-463D-43E5-9003-1571937A108C}.Debug|x64.ActiveCfg = Debug|Any CPU
		{51E8C82A-463D-43E5-9003-1571937A108C}.Debug|x64.Build.0 = Debug|Any CPU
		{51E8C82A-463D-43E5-9003-1571937A108C}.Debug|x86.ActiveCfg = Debug|Any CPU
		{51E8C82A-463D-43E5-9003-1571937A108C}.Debug|x86.Build.0 = Debug|Any CPU
		{51E8C82A-463D-43E5-9003-1571937A108C}.Release|Any CPU.ActiveCfg = Release|Any CPU
		{51E8C82A-463D-43E5-9003-1571937A108C}.Release|Any CPU.Build.0 = Release|Any CPU
		{51E8C82A-463D-43E5-9003-1571937A108C}.Release|ARM.ActiveCfg = Release|Any CPU
		{51E8C82A-463D-43E5-9003-1571937A108C}.Release|ARM.Build.0 = Release|Any CPU
		{51E8C82A-463D-43E5-9003-1571937A108C}.Release|ARM64.ActiveCfg = Release|Any CPU
		{51E8C82A-463D-43E5-9003-1571937A108C}.Release|ARM64.Build.0 = Release|Any CPU
		{51E8C82A-463D-43E5-9003-1571937A108C}.Release|x64.ActiveCfg = Release|Any CPU
		{51E8C82A-463D-43E5-9003-1571937A108C}.Release|x64.Build.0 = Release|Any CPU
		{51E8C82A-463D-43E5-9003-1571937A108C}.Release|x86.ActiveCfg = Release|Any CPU
		{51E8C82A-463D-43E5-9003-1571937A108C}.Release|x86.Build.0 = Release|Any CPU
		{961DB0E1-45A0-4493-B035-505F6820F963}.Debug|Any CPU.ActiveCfg = Debug|Any CPU
		{961DB0E1-45A0-4493-B035-505F6820F963}.Debug|Any CPU.Build.0 = Debug|Any CPU
		{961DB0E1-45A0-4493-B035-505F6820F963}.Debug|ARM.ActiveCfg = Debug|Any CPU
		{961DB0E1-45A0-4493-B035-505F6820F963}.Debug|ARM.Build.0 = Debug|Any CPU
		{961DB0E1-45A0-4493-B035-505F6820F963}.Debug|ARM64.ActiveCfg = Debug|Any CPU
		{961DB0E1-45A0-4493-B035-505F6820F963}.Debug|ARM64.Build.0 = Debug|Any CPU
		{961DB0E1-45A0-4493-B035-505F6820F963}.Debug|x64.ActiveCfg = Debug|Any CPU
		{961DB0E1-45A0-4493-B035-505F6820F963}.Debug|x64.Build.0 = Debug|Any CPU
		{961DB0E1-45A0-4493-B035-505F6820F963}.Debug|x86.ActiveCfg = Debug|Any CPU
		{961DB0E1-45A0-4493-B035-505F6820F963}.Debug|x86.Build.0 = Debug|Any CPU
		{961DB0E1-45A0-4493-B035-505F6820F963}.Release|Any CPU.ActiveCfg = Release|Any CPU
		{961DB0E1-45A0-4493-B035-505F6820F963}.Release|Any CPU.Build.0 = Release|Any CPU
		{961DB0E1-45A0-4493-B035-505F6820F963}.Release|ARM.ActiveCfg = Release|Any CPU
		{961DB0E1-45A0-4493-B035-505F6820F963}.Release|ARM.Build.0 = Release|Any CPU
		{961DB0E1-45A0-4493-B035-505F6820F963}.Release|ARM64.ActiveCfg = Release|Any CPU
		{961DB0E1-45A0-4493-B035-505F6820F963}.Release|ARM64.Build.0 = Release|Any CPU
		{961DB0E1-45A0-4493-B035-505F6820F963}.Release|x64.ActiveCfg = Release|Any CPU
		{961DB0E1-45A0-4493-B035-505F6820F963}.Release|x64.Build.0 = Release|Any CPU
		{961DB0E1-45A0-4493-B035-505F6820F963}.Release|x86.ActiveCfg = Release|Any CPU
		{961DB0E1-45A0-4493-B035-505F6820F963}.Release|x86.Build.0 = Release|Any CPU
		{2B1B7A00-7CBF-4898-B151-38575B528FFF}.Debug|Any CPU.ActiveCfg = Debug|Any CPU
		{2B1B7A00-7CBF-4898-B151-38575B528FFF}.Debug|Any CPU.Build.0 = Debug|Any CPU
		{2B1B7A00-7CBF-4898-B151-38575B528FFF}.Debug|ARM.ActiveCfg = Debug|Any CPU
		{2B1B7A00-7CBF-4898-B151-38575B528FFF}.Debug|ARM.Build.0 = Debug|Any CPU
		{2B1B7A00-7CBF-4898-B151-38575B528FFF}.Debug|ARM64.ActiveCfg = Debug|Any CPU
		{2B1B7A00-7CBF-4898-B151-38575B528FFF}.Debug|ARM64.Build.0 = Debug|Any CPU
		{2B1B7A00-7CBF-4898-B151-38575B528FFF}.Debug|x64.ActiveCfg = Debug|Any CPU
		{2B1B7A00-7CBF-4898-B151-38575B528FFF}.Debug|x64.Build.0 = Debug|Any CPU
		{2B1B7A00-7CBF-4898-B151-38575B528FFF}.Debug|x86.ActiveCfg = Debug|Any CPU
		{2B1B7A00-7CBF-4898-B151-38575B528FFF}.Debug|x86.Build.0 = Debug|Any CPU
		{2B1B7A00-7CBF-4898-B151-38575B528FFF}.Release|Any CPU.ActiveCfg = Release|Any CPU
		{2B1B7A00-7CBF-4898-B151-38575B528FFF}.Release|Any CPU.Build.0 = Release|Any CPU
		{2B1B7A00-7CBF-4898-B151-38575B528FFF}.Release|ARM.ActiveCfg = Release|Any CPU
		{2B1B7A00-7CBF-4898-B151-38575B528FFF}.Release|ARM.Build.0 = Release|Any CPU
		{2B1B7A00-7CBF-4898-B151-38575B528FFF}.Release|ARM64.ActiveCfg = Release|Any CPU
		{2B1B7A00-7CBF-4898-B151-38575B528FFF}.Release|ARM64.Build.0 = Release|Any CPU
		{2B1B7A00-7CBF-4898-B151-38575B528FFF}.Release|x64.ActiveCfg = Release|Any CPU
		{2B1B7A00-7CBF-4898-B151-38575B528FFF}.Release|x64.Build.0 = Release|Any CPU
		{2B1B7A00-7CBF-4898-B151-38575B528FFF}.Release|x86.ActiveCfg = Release|Any CPU
		{2B1B7A00-7CBF-4898-B151-38575B528FFF}.Release|x86.Build.0 = Release|Any CPU
		{3A158280-C937-4CEA-BFD7-C179CFFB6D63}.Debug|Any CPU.ActiveCfg = Debug|Any CPU
		{3A158280-C937-4CEA-BFD7-C179CFFB6D63}.Debug|Any CPU.Build.0 = Debug|Any CPU
		{3A158280-C937-4CEA-BFD7-C179CFFB6D63}.Debug|ARM.ActiveCfg = Debug|Any CPU
		{3A158280-C937-4CEA-BFD7-C179CFFB6D63}.Debug|ARM.Build.0 = Debug|Any CPU
		{3A158280-C937-4CEA-BFD7-C179CFFB6D63}.Debug|ARM64.ActiveCfg = Debug|Any CPU
		{3A158280-C937-4CEA-BFD7-C179CFFB6D63}.Debug|ARM64.Build.0 = Debug|Any CPU
		{3A158280-C937-4CEA-BFD7-C179CFFB6D63}.Debug|x64.ActiveCfg = Debug|Any CPU
		{3A158280-C937-4CEA-BFD7-C179CFFB6D63}.Debug|x64.Build.0 = Debug|Any CPU
		{3A158280-C937-4CEA-BFD7-C179CFFB6D63}.Debug|x86.ActiveCfg = Debug|Any CPU
		{3A158280-C937-4CEA-BFD7-C179CFFB6D63}.Debug|x86.Build.0 = Debug|Any CPU
		{3A158280-C937-4CEA-BFD7-C179CFFB6D63}.Release|Any CPU.ActiveCfg = Release|Any CPU
		{3A158280-C937-4CEA-BFD7-C179CFFB6D63}.Release|Any CPU.Build.0 = Release|Any CPU
		{3A158280-C937-4CEA-BFD7-C179CFFB6D63}.Release|ARM.ActiveCfg = Release|Any CPU
		{3A158280-C937-4CEA-BFD7-C179CFFB6D63}.Release|ARM.Build.0 = Release|Any CPU
		{3A158280-C937-4CEA-BFD7-C179CFFB6D63}.Release|ARM64.ActiveCfg = Release|Any CPU
		{3A158280-C937-4CEA-BFD7-C179CFFB6D63}.Release|ARM64.Build.0 = Release|Any CPU
		{3A158280-C937-4CEA-BFD7-C179CFFB6D63}.Release|x64.ActiveCfg = Release|Any CPU
		{3A158280-C937-4CEA-BFD7-C179CFFB6D63}.Release|x64.Build.0 = Release|Any CPU
		{3A158280-C937-4CEA-BFD7-C179CFFB6D63}.Release|x86.ActiveCfg = Release|Any CPU
		{3A158280-C937-4CEA-BFD7-C179CFFB6D63}.Release|x86.Build.0 = Release|Any CPU
		{D6D2FCE8-0996-4091-9B81-E7CF2BF84DCB}.Debug|Any CPU.ActiveCfg = Debug|Any CPU
		{D6D2FCE8-0996-4091-9B81-E7CF2BF84DCB}.Debug|Any CPU.Build.0 = Debug|Any CPU
		{D6D2FCE8-0996-4091-9B81-E7CF2BF84DCB}.Debug|ARM.ActiveCfg = Debug|Any CPU
		{D6D2FCE8-0996-4091-9B81-E7CF2BF84DCB}.Debug|ARM.Build.0 = Debug|Any CPU
		{D6D2FCE8-0996-4091-9B81-E7CF2BF84DCB}.Debug|ARM64.ActiveCfg = Debug|Any CPU
		{D6D2FCE8-0996-4091-9B81-E7CF2BF84DCB}.Debug|ARM64.Build.0 = Debug|Any CPU
		{D6D2FCE8-0996-4091-9B81-E7CF2BF84DCB}.Debug|x64.ActiveCfg = Debug|Any CPU
		{D6D2FCE8-0996-4091-9B81-E7CF2BF84DCB}.Debug|x64.Build.0 = Debug|Any CPU
		{D6D2FCE8-0996-4091-9B81-E7CF2BF84DCB}.Debug|x86.ActiveCfg = Debug|Any CPU
		{D6D2FCE8-0996-4091-9B81-E7CF2BF84DCB}.Debug|x86.Build.0 = Debug|Any CPU
		{D6D2FCE8-0996-4091-9B81-E7CF2BF84DCB}.Release|Any CPU.ActiveCfg = Release|Any CPU
		{D6D2FCE8-0996-4091-9B81-E7CF2BF84DCB}.Release|Any CPU.Build.0 = Release|Any CPU
		{D6D2FCE8-0996-4091-9B81-E7CF2BF84DCB}.Release|ARM.ActiveCfg = Release|Any CPU
		{D6D2FCE8-0996-4091-9B81-E7CF2BF84DCB}.Release|ARM.Build.0 = Release|Any CPU
		{D6D2FCE8-0996-4091-9B81-E7CF2BF84DCB}.Release|ARM64.ActiveCfg = Release|Any CPU
		{D6D2FCE8-0996-4091-9B81-E7CF2BF84DCB}.Release|ARM64.Build.0 = Release|Any CPU
		{D6D2FCE8-0996-4091-9B81-E7CF2BF84DCB}.Release|x64.ActiveCfg = Release|Any CPU
		{D6D2FCE8-0996-4091-9B81-E7CF2BF84DCB}.Release|x64.Build.0 = Release|Any CPU
		{D6D2FCE8-0996-4091-9B81-E7CF2BF84DCB}.Release|x86.ActiveCfg = Release|Any CPU
		{D6D2FCE8-0996-4091-9B81-E7CF2BF84DCB}.Release|x86.Build.0 = Release|Any CPU
		{DFE46A4B-D4B0-4BC5-9E08-CA462B50A669}.Debug|Any CPU.ActiveCfg = Debug|Any CPU
		{DFE46A4B-D4B0-4BC5-9E08-CA462B50A669}.Debug|Any CPU.Build.0 = Debug|Any CPU
		{DFE46A4B-D4B0-4BC5-9E08-CA462B50A669}.Debug|ARM.ActiveCfg = Debug|Any CPU
		{DFE46A4B-D4B0-4BC5-9E08-CA462B50A669}.Debug|ARM.Build.0 = Debug|Any CPU
		{DFE46A4B-D4B0-4BC5-9E08-CA462B50A669}.Debug|ARM64.ActiveCfg = Debug|Any CPU
		{DFE46A4B-D4B0-4BC5-9E08-CA462B50A669}.Debug|ARM64.Build.0 = Debug|Any CPU
		{DFE46A4B-D4B0-4BC5-9E08-CA462B50A669}.Debug|x64.ActiveCfg = Debug|Any CPU
		{DFE46A4B-D4B0-4BC5-9E08-CA462B50A669}.Debug|x64.Build.0 = Debug|Any CPU
		{DFE46A4B-D4B0-4BC5-9E08-CA462B50A669}.Debug|x86.ActiveCfg = Debug|Any CPU
		{DFE46A4B-D4B0-4BC5-9E08-CA462B50A669}.Debug|x86.Build.0 = Debug|Any CPU
		{DFE46A4B-D4B0-4BC5-9E08-CA462B50A669}.Release|Any CPU.ActiveCfg = Release|Any CPU
		{DFE46A4B-D4B0-4BC5-9E08-CA462B50A669}.Release|Any CPU.Build.0 = Release|Any CPU
		{DFE46A4B-D4B0-4BC5-9E08-CA462B50A669}.Release|ARM.ActiveCfg = Release|Any CPU
		{DFE46A4B-D4B0-4BC5-9E08-CA462B50A669}.Release|ARM.Build.0 = Release|Any CPU
		{DFE46A4B-D4B0-4BC5-9E08-CA462B50A669}.Release|ARM64.ActiveCfg = Release|Any CPU
		{DFE46A4B-D4B0-4BC5-9E08-CA462B50A669}.Release|ARM64.Build.0 = Release|Any CPU
		{DFE46A4B-D4B0-4BC5-9E08-CA462B50A669}.Release|x64.ActiveCfg = Release|Any CPU
		{DFE46A4B-D4B0-4BC5-9E08-CA462B50A669}.Release|x64.Build.0 = Release|Any CPU
		{DFE46A4B-D4B0-4BC5-9E08-CA462B50A669}.Release|x86.ActiveCfg = Release|Any CPU
		{DFE46A4B-D4B0-4BC5-9E08-CA462B50A669}.Release|x86.Build.0 = Release|Any CPU
		{1A813382-67B6-42A6-A7C5-CA15B2EA99B6}.Debug|Any CPU.ActiveCfg = Debug|Any CPU
		{1A813382-67B6-42A6-A7C5-CA15B2EA99B6}.Debug|Any CPU.Build.0 = Debug|Any CPU
		{1A813382-67B6-42A6-A7C5-CA15B2EA99B6}.Debug|ARM.ActiveCfg = Debug|Any CPU
		{1A813382-67B6-42A6-A7C5-CA15B2EA99B6}.Debug|ARM.Build.0 = Debug|Any CPU
		{1A813382-67B6-42A6-A7C5-CA15B2EA99B6}.Debug|ARM64.ActiveCfg = Debug|Any CPU
		{1A813382-67B6-42A6-A7C5-CA15B2EA99B6}.Debug|ARM64.Build.0 = Debug|Any CPU
		{1A813382-67B6-42A6-A7C5-CA15B2EA99B6}.Debug|x64.ActiveCfg = Debug|Any CPU
		{1A813382-67B6-42A6-A7C5-CA15B2EA99B6}.Debug|x64.Build.0 = Debug|Any CPU
		{1A813382-67B6-42A6-A7C5-CA15B2EA99B6}.Debug|x86.ActiveCfg = Debug|Any CPU
		{1A813382-67B6-42A6-A7C5-CA15B2EA99B6}.Debug|x86.Build.0 = Debug|Any CPU
		{1A813382-67B6-42A6-A7C5-CA15B2EA99B6}.Release|Any CPU.ActiveCfg = Release|Any CPU
		{1A813382-67B6-42A6-A7C5-CA15B2EA99B6}.Release|Any CPU.Build.0 = Release|Any CPU
		{1A813382-67B6-42A6-A7C5-CA15B2EA99B6}.Release|ARM.ActiveCfg = Release|Any CPU
		{1A813382-67B6-42A6-A7C5-CA15B2EA99B6}.Release|ARM.Build.0 = Release|Any CPU
		{1A813382-67B6-42A6-A7C5-CA15B2EA99B6}.Release|ARM64.ActiveCfg = Release|Any CPU
		{1A813382-67B6-42A6-A7C5-CA15B2EA99B6}.Release|ARM64.Build.0 = Release|Any CPU
		{1A813382-67B6-42A6-A7C5-CA15B2EA99B6}.Release|x64.ActiveCfg = Release|Any CPU
		{1A813382-67B6-42A6-A7C5-CA15B2EA99B6}.Release|x64.Build.0 = Release|Any CPU
		{1A813382-67B6-42A6-A7C5-CA15B2EA99B6}.Release|x86.ActiveCfg = Release|Any CPU
		{1A813382-67B6-42A6-A7C5-CA15B2EA99B6}.Release|x86.Build.0 = Release|Any CPU
		{9DBEC7BB-CDBB-4259-984A-14315F1371DA}.Debug|Any CPU.ActiveCfg = Debug|Any CPU
		{9DBEC7BB-CDBB-4259-984A-14315F1371DA}.Debug|Any CPU.Build.0 = Debug|Any CPU
		{9DBEC7BB-CDBB-4259-984A-14315F1371DA}.Debug|ARM.ActiveCfg = Debug|Any CPU
		{9DBEC7BB-CDBB-4259-984A-14315F1371DA}.Debug|ARM.Build.0 = Debug|Any CPU
		{9DBEC7BB-CDBB-4259-984A-14315F1371DA}.Debug|ARM64.ActiveCfg = Debug|Any CPU
		{9DBEC7BB-CDBB-4259-984A-14315F1371DA}.Debug|ARM64.Build.0 = Debug|Any CPU
		{9DBEC7BB-CDBB-4259-984A-14315F1371DA}.Debug|x64.ActiveCfg = Debug|Any CPU
		{9DBEC7BB-CDBB-4259-984A-14315F1371DA}.Debug|x64.Build.0 = Debug|Any CPU
		{9DBEC7BB-CDBB-4259-984A-14315F1371DA}.Debug|x86.ActiveCfg = Debug|Any CPU
		{9DBEC7BB-CDBB-4259-984A-14315F1371DA}.Debug|x86.Build.0 = Debug|Any CPU
		{9DBEC7BB-CDBB-4259-984A-14315F1371DA}.Release|Any CPU.ActiveCfg = Release|Any CPU
		{9DBEC7BB-CDBB-4259-984A-14315F1371DA}.Release|Any CPU.Build.0 = Release|Any CPU
		{9DBEC7BB-CDBB-4259-984A-14315F1371DA}.Release|ARM.ActiveCfg = Release|Any CPU
		{9DBEC7BB-CDBB-4259-984A-14315F1371DA}.Release|ARM.Build.0 = Release|Any CPU
		{9DBEC7BB-CDBB-4259-984A-14315F1371DA}.Release|ARM64.ActiveCfg = Release|Any CPU
		{9DBEC7BB-CDBB-4259-984A-14315F1371DA}.Release|ARM64.Build.0 = Release|Any CPU
		{9DBEC7BB-CDBB-4259-984A-14315F1371DA}.Release|x64.ActiveCfg = Release|Any CPU
		{9DBEC7BB-CDBB-4259-984A-14315F1371DA}.Release|x64.Build.0 = Release|Any CPU
		{9DBEC7BB-CDBB-4259-984A-14315F1371DA}.Release|x86.ActiveCfg = Release|Any CPU
		{9DBEC7BB-CDBB-4259-984A-14315F1371DA}.Release|x86.Build.0 = Release|Any CPU
		{DF578497-D3C3-4F1B-8975-5ACDE36A7D6E}.Debug|Any CPU.ActiveCfg = Debug|Any CPU
		{DF578497-D3C3-4F1B-8975-5ACDE36A7D6E}.Debug|Any CPU.Build.0 = Debug|Any CPU
		{DF578497-D3C3-4F1B-8975-5ACDE36A7D6E}.Debug|ARM.ActiveCfg = Debug|Any CPU
		{DF578497-D3C3-4F1B-8975-5ACDE36A7D6E}.Debug|ARM.Build.0 = Debug|Any CPU
		{DF578497-D3C3-4F1B-8975-5ACDE36A7D6E}.Debug|ARM64.ActiveCfg = Debug|Any CPU
		{DF578497-D3C3-4F1B-8975-5ACDE36A7D6E}.Debug|ARM64.Build.0 = Debug|Any CPU
		{DF578497-D3C3-4F1B-8975-5ACDE36A7D6E}.Debug|x64.ActiveCfg = Debug|Any CPU
		{DF578497-D3C3-4F1B-8975-5ACDE36A7D6E}.Debug|x64.Build.0 = Debug|Any CPU
		{DF578497-D3C3-4F1B-8975-5ACDE36A7D6E}.Debug|x86.ActiveCfg = Debug|Any CPU
		{DF578497-D3C3-4F1B-8975-5ACDE36A7D6E}.Debug|x86.Build.0 = Debug|Any CPU
		{DF578497-D3C3-4F1B-8975-5ACDE36A7D6E}.Release|Any CPU.ActiveCfg = Release|Any CPU
		{DF578497-D3C3-4F1B-8975-5ACDE36A7D6E}.Release|Any CPU.Build.0 = Release|Any CPU
		{DF578497-D3C3-4F1B-8975-5ACDE36A7D6E}.Release|ARM.ActiveCfg = Release|Any CPU
		{DF578497-D3C3-4F1B-8975-5ACDE36A7D6E}.Release|ARM.Build.0 = Release|Any CPU
		{DF578497-D3C3-4F1B-8975-5ACDE36A7D6E}.Release|ARM64.ActiveCfg = Release|Any CPU
		{DF578497-D3C3-4F1B-8975-5ACDE36A7D6E}.Release|ARM64.Build.0 = Release|Any CPU
		{DF578497-D3C3-4F1B-8975-5ACDE36A7D6E}.Release|x64.ActiveCfg = Release|Any CPU
		{DF578497-D3C3-4F1B-8975-5ACDE36A7D6E}.Release|x64.Build.0 = Release|Any CPU
		{DF578497-D3C3-4F1B-8975-5ACDE36A7D6E}.Release|x86.ActiveCfg = Release|Any CPU
		{DF578497-D3C3-4F1B-8975-5ACDE36A7D6E}.Release|x86.Build.0 = Release|Any CPU
		{A8BFBD24-B200-434A-AAD5-8766420941D3}.Debug|Any CPU.ActiveCfg = Debug|Any CPU
		{A8BFBD24-B200-434A-AAD5-8766420941D3}.Debug|Any CPU.Build.0 = Debug|Any CPU
		{A8BFBD24-B200-434A-AAD5-8766420941D3}.Debug|ARM.ActiveCfg = Debug|Any CPU
		{A8BFBD24-B200-434A-AAD5-8766420941D3}.Debug|ARM.Build.0 = Debug|Any CPU
		{A8BFBD24-B200-434A-AAD5-8766420941D3}.Debug|ARM64.ActiveCfg = Debug|Any CPU
		{A8BFBD24-B200-434A-AAD5-8766420941D3}.Debug|ARM64.Build.0 = Debug|Any CPU
		{A8BFBD24-B200-434A-AAD5-8766420941D3}.Debug|x64.ActiveCfg = Debug|Any CPU
		{A8BFBD24-B200-434A-AAD5-8766420941D3}.Debug|x64.Build.0 = Debug|Any CPU
		{A8BFBD24-B200-434A-AAD5-8766420941D3}.Debug|x86.ActiveCfg = Debug|Any CPU
		{A8BFBD24-B200-434A-AAD5-8766420941D3}.Debug|x86.Build.0 = Debug|Any CPU
		{A8BFBD24-B200-434A-AAD5-8766420941D3}.Release|Any CPU.ActiveCfg = Release|Any CPU
		{A8BFBD24-B200-434A-AAD5-8766420941D3}.Release|Any CPU.Build.0 = Release|Any CPU
		{A8BFBD24-B200-434A-AAD5-8766420941D3}.Release|ARM.ActiveCfg = Release|Any CPU
		{A8BFBD24-B200-434A-AAD5-8766420941D3}.Release|ARM.Build.0 = Release|Any CPU
		{A8BFBD24-B200-434A-AAD5-8766420941D3}.Release|ARM64.ActiveCfg = Release|Any CPU
		{A8BFBD24-B200-434A-AAD5-8766420941D3}.Release|ARM64.Build.0 = Release|Any CPU
		{A8BFBD24-B200-434A-AAD5-8766420941D3}.Release|x64.ActiveCfg = Release|Any CPU
		{A8BFBD24-B200-434A-AAD5-8766420941D3}.Release|x64.Build.0 = Release|Any CPU
		{A8BFBD24-B200-434A-AAD5-8766420941D3}.Release|x86.ActiveCfg = Release|Any CPU
		{A8BFBD24-B200-434A-AAD5-8766420941D3}.Release|x86.Build.0 = Release|Any CPU
		{4E05176E-0D05-455B-9C20-EE69D0665FE8}.Debug|Any CPU.ActiveCfg = Debug|Any CPU
		{4E05176E-0D05-455B-9C20-EE69D0665FE8}.Debug|Any CPU.Build.0 = Debug|Any CPU
		{4E05176E-0D05-455B-9C20-EE69D0665FE8}.Debug|ARM.ActiveCfg = Debug|Any CPU
		{4E05176E-0D05-455B-9C20-EE69D0665FE8}.Debug|ARM.Build.0 = Debug|Any CPU
		{4E05176E-0D05-455B-9C20-EE69D0665FE8}.Debug|ARM64.ActiveCfg = Debug|Any CPU
		{4E05176E-0D05-455B-9C20-EE69D0665FE8}.Debug|ARM64.Build.0 = Debug|Any CPU
		{4E05176E-0D05-455B-9C20-EE69D0665FE8}.Debug|x64.ActiveCfg = Debug|Any CPU
		{4E05176E-0D05-455B-9C20-EE69D0665FE8}.Debug|x64.Build.0 = Debug|Any CPU
		{4E05176E-0D05-455B-9C20-EE69D0665FE8}.Debug|x86.ActiveCfg = Debug|Any CPU
		{4E05176E-0D05-455B-9C20-EE69D0665FE8}.Debug|x86.Build.0 = Debug|Any CPU
		{4E05176E-0D05-455B-9C20-EE69D0665FE8}.Release|Any CPU.ActiveCfg = Release|Any CPU
		{4E05176E-0D05-455B-9C20-EE69D0665FE8}.Release|Any CPU.Build.0 = Release|Any CPU
		{4E05176E-0D05-455B-9C20-EE69D0665FE8}.Release|ARM.ActiveCfg = Release|Any CPU
		{4E05176E-0D05-455B-9C20-EE69D0665FE8}.Release|ARM.Build.0 = Release|Any CPU
		{4E05176E-0D05-455B-9C20-EE69D0665FE8}.Release|ARM64.ActiveCfg = Release|Any CPU
		{4E05176E-0D05-455B-9C20-EE69D0665FE8}.Release|ARM64.Build.0 = Release|Any CPU
		{4E05176E-0D05-455B-9C20-EE69D0665FE8}.Release|x64.ActiveCfg = Release|Any CPU
		{4E05176E-0D05-455B-9C20-EE69D0665FE8}.Release|x64.Build.0 = Release|Any CPU
		{4E05176E-0D05-455B-9C20-EE69D0665FE8}.Release|x86.ActiveCfg = Release|Any CPU
		{4E05176E-0D05-455B-9C20-EE69D0665FE8}.Release|x86.Build.0 = Release|Any CPU
		{1F361C1B-2E38-4688-A349-B3B5820CC65D}.Debug|Any CPU.ActiveCfg = Debug|Any CPU
		{1F361C1B-2E38-4688-A349-B3B5820CC65D}.Debug|Any CPU.Build.0 = Debug|Any CPU
		{1F361C1B-2E38-4688-A349-B3B5820CC65D}.Debug|ARM.ActiveCfg = Debug|Any CPU
		{1F361C1B-2E38-4688-A349-B3B5820CC65D}.Debug|ARM.Build.0 = Debug|Any CPU
		{1F361C1B-2E38-4688-A349-B3B5820CC65D}.Debug|ARM64.ActiveCfg = Debug|Any CPU
		{1F361C1B-2E38-4688-A349-B3B5820CC65D}.Debug|ARM64.Build.0 = Debug|Any CPU
		{1F361C1B-2E38-4688-A349-B3B5820CC65D}.Debug|x64.ActiveCfg = Debug|Any CPU
		{1F361C1B-2E38-4688-A349-B3B5820CC65D}.Debug|x64.Build.0 = Debug|Any CPU
		{1F361C1B-2E38-4688-A349-B3B5820CC65D}.Debug|x86.ActiveCfg = Debug|Any CPU
		{1F361C1B-2E38-4688-A349-B3B5820CC65D}.Debug|x86.Build.0 = Debug|Any CPU
		{1F361C1B-2E38-4688-A349-B3B5820CC65D}.Release|Any CPU.ActiveCfg = Release|Any CPU
		{1F361C1B-2E38-4688-A349-B3B5820CC65D}.Release|Any CPU.Build.0 = Release|Any CPU
		{1F361C1B-2E38-4688-A349-B3B5820CC65D}.Release|ARM.ActiveCfg = Release|Any CPU
		{1F361C1B-2E38-4688-A349-B3B5820CC65D}.Release|ARM.Build.0 = Release|Any CPU
		{1F361C1B-2E38-4688-A349-B3B5820CC65D}.Release|ARM64.ActiveCfg = Release|Any CPU
		{1F361C1B-2E38-4688-A349-B3B5820CC65D}.Release|ARM64.Build.0 = Release|Any CPU
		{1F361C1B-2E38-4688-A349-B3B5820CC65D}.Release|x64.ActiveCfg = Release|Any CPU
		{1F361C1B-2E38-4688-A349-B3B5820CC65D}.Release|x64.Build.0 = Release|Any CPU
		{1F361C1B-2E38-4688-A349-B3B5820CC65D}.Release|x86.ActiveCfg = Release|Any CPU
		{1F361C1B-2E38-4688-A349-B3B5820CC65D}.Release|x86.Build.0 = Release|Any CPU
		{6CCA91F3-EFCC-4539-9B48-29B652818C64}.Debug|Any CPU.ActiveCfg = Debug|Any CPU
		{6CCA91F3-EFCC-4539-9B48-29B652818C64}.Debug|Any CPU.Build.0 = Debug|Any CPU
		{6CCA91F3-EFCC-4539-9B48-29B652818C64}.Debug|ARM.ActiveCfg = Debug|Any CPU
		{6CCA91F3-EFCC-4539-9B48-29B652818C64}.Debug|ARM.Build.0 = Debug|Any CPU
		{6CCA91F3-EFCC-4539-9B48-29B652818C64}.Debug|ARM64.ActiveCfg = Debug|Any CPU
		{6CCA91F3-EFCC-4539-9B48-29B652818C64}.Debug|ARM64.Build.0 = Debug|Any CPU
		{6CCA91F3-EFCC-4539-9B48-29B652818C64}.Debug|x64.ActiveCfg = Debug|Any CPU
		{6CCA91F3-EFCC-4539-9B48-29B652818C64}.Debug|x64.Build.0 = Debug|Any CPU
		{6CCA91F3-EFCC-4539-9B48-29B652818C64}.Debug|x86.ActiveCfg = Debug|Any CPU
		{6CCA91F3-EFCC-4539-9B48-29B652818C64}.Debug|x86.Build.0 = Debug|Any CPU
		{6CCA91F3-EFCC-4539-9B48-29B652818C64}.Release|Any CPU.ActiveCfg = Release|Any CPU
		{6CCA91F3-EFCC-4539-9B48-29B652818C64}.Release|Any CPU.Build.0 = Release|Any CPU
		{6CCA91F3-EFCC-4539-9B48-29B652818C64}.Release|ARM.ActiveCfg = Release|Any CPU
		{6CCA91F3-EFCC-4539-9B48-29B652818C64}.Release|ARM.Build.0 = Release|Any CPU
		{6CCA91F3-EFCC-4539-9B48-29B652818C64}.Release|ARM64.ActiveCfg = Release|Any CPU
		{6CCA91F3-EFCC-4539-9B48-29B652818C64}.Release|ARM64.Build.0 = Release|Any CPU
		{6CCA91F3-EFCC-4539-9B48-29B652818C64}.Release|x64.ActiveCfg = Release|Any CPU
		{6CCA91F3-EFCC-4539-9B48-29B652818C64}.Release|x64.Build.0 = Release|Any CPU
		{6CCA91F3-EFCC-4539-9B48-29B652818C64}.Release|x86.ActiveCfg = Release|Any CPU
		{6CCA91F3-EFCC-4539-9B48-29B652818C64}.Release|x86.Build.0 = Release|Any CPU
		{A9886E0D-78D1-41C0-AA22-F51E9B273B19}.Debug|Any CPU.ActiveCfg = Debug|Any CPU
		{A9886E0D-78D1-41C0-AA22-F51E9B273B19}.Debug|Any CPU.Build.0 = Debug|Any CPU
		{A9886E0D-78D1-41C0-AA22-F51E9B273B19}.Debug|ARM.ActiveCfg = Debug|Any CPU
		{A9886E0D-78D1-41C0-AA22-F51E9B273B19}.Debug|ARM.Build.0 = Debug|Any CPU
		{A9886E0D-78D1-41C0-AA22-F51E9B273B19}.Debug|ARM64.ActiveCfg = Debug|Any CPU
		{A9886E0D-78D1-41C0-AA22-F51E9B273B19}.Debug|ARM64.Build.0 = Debug|Any CPU
		{A9886E0D-78D1-41C0-AA22-F51E9B273B19}.Debug|x64.ActiveCfg = Debug|Any CPU
		{A9886E0D-78D1-41C0-AA22-F51E9B273B19}.Debug|x64.Build.0 = Debug|Any CPU
		{A9886E0D-78D1-41C0-AA22-F51E9B273B19}.Debug|x86.ActiveCfg = Debug|Any CPU
		{A9886E0D-78D1-41C0-AA22-F51E9B273B19}.Debug|x86.Build.0 = Debug|Any CPU
		{A9886E0D-78D1-41C0-AA22-F51E9B273B19}.Release|Any CPU.ActiveCfg = Release|Any CPU
		{A9886E0D-78D1-41C0-AA22-F51E9B273B19}.Release|Any CPU.Build.0 = Release|Any CPU
		{A9886E0D-78D1-41C0-AA22-F51E9B273B19}.Release|ARM.ActiveCfg = Release|Any CPU
		{A9886E0D-78D1-41C0-AA22-F51E9B273B19}.Release|ARM.Build.0 = Release|Any CPU
		{A9886E0D-78D1-41C0-AA22-F51E9B273B19}.Release|ARM64.ActiveCfg = Release|Any CPU
		{A9886E0D-78D1-41C0-AA22-F51E9B273B19}.Release|ARM64.Build.0 = Release|Any CPU
		{A9886E0D-78D1-41C0-AA22-F51E9B273B19}.Release|x64.ActiveCfg = Release|Any CPU
		{A9886E0D-78D1-41C0-AA22-F51E9B273B19}.Release|x64.Build.0 = Release|Any CPU
		{A9886E0D-78D1-41C0-AA22-F51E9B273B19}.Release|x86.ActiveCfg = Release|Any CPU
		{A9886E0D-78D1-41C0-AA22-F51E9B273B19}.Release|x86.Build.0 = Release|Any CPU
	EndGlobalSection
	GlobalSection(SolutionProperties) = preSolution
		HideSolutionNode = FALSE
	EndGlobalSection
	GlobalSection(ExtensibilityGlobals) = postSolution
		SolutionGuid = {13286DE6-19C9-4EA2-9590-CBCEDE915A81}
	EndGlobalSection
EndGlobal
